
Microsoft Visual Studio Solution File, Format Version 12.00
# Visual Studio Version 17
VisualStudioVersion = 17.7.34031.279
MinimumVisualStudioVersion = 10.0.40219.1
Project("{9A19103F-16F7-4668-BE54-9A1E7A4F7556}") = "BookLibrary.Abstractions", "BookLibrary.Abstractions\BookLibrary.Abstractions.csproj", "{CD49BD03-4258-4A9A-BDD3-5833864C798B}"
EndProject
Project("{9A19103F-16F7-4668-BE54-9A1E7A4F7556}") = "BookLibrary", "BookLibrary.Api\BookLibrary.csproj", "{6B0562E9-4E47-4597-9A97-2688B620982F}"
EndProject
Project("{9A19103F-16F7-4668-BE54-9A1E7A4F7556}") = "BookLibrary.Repository", "BookLibrary.Repository\BookLibrary.Repository.csproj", "{026A4315-D58F-4B0B-B36F-E23C1D0BDBF4}"
EndProject
Project("{9A19103F-16F7-4668-BE54-9A1E7A4F7556}") = "BookLibrary.Test", "BookLibrary.Test\BookLibrary.Test.csproj", "{B27B23D3-80D4-4A6F-851F-9EFA22BA0A93}"
EndProject
Global
	GlobalSection(SolutionConfigurationPlatforms) = preSolution
		Debug|Any CPU = Debug|Any CPU
		Release|Any CPU = Release|Any CPU
	EndGlobalSection
	GlobalSection(ProjectConfigurationPlatforms) = postSolution
		{CD49BD03-4258-4A9A-BDD3-5833864C798B}.Debug|Any CPU.ActiveCfg = Debug|Any CPU
		{CD49BD03-4258-4A9A-BDD3-5833864C798B}.Debug|Any CPU.Build.0 = Debug|Any CPU
		{CD49BD03-4258-4A9A-BDD3-5833864C798B}.Release|Any CPU.ActiveCfg = Release|Any CPU
		{CD49BD03-4258-4A9A-BDD3-5833864C798B}.Release|Any CPU.Build.0 = Release|Any CPU
		{6B0562E9-4E47-4597-9A97-2688B620982F}.Debug|Any CPU.ActiveCfg = Debug|Any CPU
		{6B0562E9-4E47-4597-9A97-2688B620982F}.Debug|Any CPU.Build.0 = Debug|Any CPU
		{6B0562E9-4E47-4597-9A97-2688B620982F}.Release|Any CPU.ActiveCfg = Release|Any CPU
		{6B0562E9-4E47-4597-9A97-2688B620982F}.Release|Any CPU.Build.0 = Release|Any CPU
		{026A4315-D58F-4B0B-B36F-E23C1D0BDBF4}.Debug|Any CPU.ActiveCfg = Debug|Any CPU
		{026A4315-D58F-4B0B-B36F-E23C1D0BDBF4}.Debug|Any CPU.Build.0 = Debug|Any CPU
		{026A4315-D58F-4B0B-B36F-E23C1D0BDBF4}.Release|Any CPU.ActiveCfg = Release|Any CPU
		{026A4315-D58F-4B0B-B36F-E23C1D0BDBF4}.Release|Any CPU.Build.0 = Release|Any CPU
		{B27B23D3-80D4-4A6F-851F-9EFA22BA0A93}.Debug|Any CPU.ActiveCfg = Debug|Any CPU
		{B27B23D3-80D4-4A6F-851F-9EFA22BA0A93}.Debug|Any CPU.Build.0 = Debug|Any CPU
		{B27B23D3-80D4-4A6F-851F-9EFA22BA0A93}.Release|Any CPU.ActiveCfg = Release|Any CPU
		{B27B23D3-80D4-4A6F-851F-9EFA22BA0A93}.Release|Any CPU.Build.0 = Release|Any CPU
	EndGlobalSection
	GlobalSection(SolutionProperties) = preSolution
		HideSolutionNode = FALSE
	EndGlobalSection
	GlobalSection(ExtensibilityGlobals) = postSolution
		SolutionGuid = {D0B3DABE-F105-47ED-AB76-68383E211B52}
	EndGlobalSection
EndGlobal
