
Microsoft Visual Studio Solution File, Format Version 12.00
# Visual Studio Version 17
VisualStudioVersion = 17.7.34031.279
MinimumVisualStudioVersion = 10.0.40219.1
Project("{FAE04EC0-301F-11D3-BF4B-00C04F79EFBC}") = "WebApi", "WebApi.Boilerplate\WebApi.csproj", "{6B0DD2A2-930A-4239-B403-CE7D51D74D06}"
EndProject
Project("{FAE04EC0-301F-11D3-BF4B-00C04F79EFBC}") = "WebApi.Test", "WebApi.Test\WebApi.Test.csproj", "{903DC118-5523-48A3-80EC-C2D6B285A6BB}"
EndProject
Project("{FAE04EC0-301F-11D3-BF4B-00C04F79EFBC}") = "WebApi.Repository", "WebApi.Repository\WebApi.Repository.csproj", "{E5D6B05C-4A2A-4626-BABC-9C0E72F14CAA}"
EndProject
Project("{FAE04EC0-301F-11D3-BF4B-00C04F79EFBC}") = "WebApi.Abstractions", "WebApi.Abstractions\WebApi.Abstractions.csproj", "{AAAB72C9-5EC3-4B40-AF1C-F6D687782F27}"
EndProject
Global
	GlobalSection(SolutionConfigurationPlatforms) = preSolution
		Debug|Any CPU = Debug|Any CPU
		Release|Any CPU = Release|Any CPU
	EndGlobalSection
	GlobalSection(ProjectConfigurationPlatforms) = postSolution
		{6B0DD2A2-930A-4239-B403-CE7D51D74D06}.Debug|Any CPU.ActiveCfg = Debug|Any CPU
		{6B0DD2A2-930A-4239-B403-CE7D51D74D06}.Debug|Any CPU.Build.0 = Debug|Any CPU
		{6B0DD2A2-930A-4239-B403-CE7D51D74D06}.Release|Any CPU.ActiveCfg = Release|Any CPU
		{6B0DD2A2-930A-4239-B403-CE7D51D74D06}.Release|Any CPU.Build.0 = Release|Any CPU
		{903DC118-5523-48A3-80EC-C2D6B285A6BB}.Debug|Any CPU.ActiveCfg = Debug|Any CPU
		{903DC118-5523-48A3-80EC-C2D6B285A6BB}.Debug|Any CPU.Build.0 = Debug|Any CPU
		{903DC118-5523-48A3-80EC-C2D6B285A6BB}.Release|Any CPU.ActiveCfg = Release|Any CPU
		{903DC118-5523-48A3-80EC-C2D6B285A6BB}.Release|Any CPU.Build.0 = Release|Any CPU
		{E5D6B05C-4A2A-4626-BABC-9C0E72F14CAA}.Debug|Any CPU.ActiveCfg = Debug|Any CPU
		{E5D6B05C-4A2A-4626-BABC-9C0E72F14CAA}.Debug|Any CPU.Build.0 = Debug|Any CPU
		{E5D6B05C-4A2A-4626-BABC-9C0E72F14CAA}.Release|Any CPU.ActiveCfg = Release|Any CPU
		{E5D6B05C-4A2A-4626-BABC-9C0E72F14CAA}.Release|Any CPU.Build.0 = Release|Any CPU
		{AAAB72C9-5EC3-4B40-AF1C-F6D687782F27}.Debug|Any CPU.ActiveCfg = Debug|Any CPU
		{AAAB72C9-5EC3-4B40-AF1C-F6D687782F27}.Debug|Any CPU.Build.0 = Debug|Any CPU
		{AAAB72C9-5EC3-4B40-AF1C-F6D687782F27}.Release|Any CPU.ActiveCfg = Release|Any CPU
		{AAAB72C9-5EC3-4B40-AF1C-F6D687782F27}.Release|Any CPU.Build.0 = Release|Any CPU
	EndGlobalSection
	GlobalSection(SolutionProperties) = preSolution
		HideSolutionNode = FALSE
	EndGlobalSection
	GlobalSection(ExtensibilityGlobals) = postSolution
		SolutionGuid = {D0B3DABE-F105-47ED-AB76-68383E211B52}
	EndGlobalSection
EndGlobal
